// !$*UTF8*$!
{
	archiveVersion = 1;
	classes = {
	};
	objectVersion = 55;
	objects = {

/* Begin PBXBuildFile section */
		8A69208A283214CC005832BD /* SwiftUIMemo.xcdatamodeld in Sources */ = {isa = PBXBuildFile; fileRef = 8A692077283214C6005832BD /* SwiftUIMemo.xcdatamodeld */; };
		8A69208B283214CC005832BD /* SwiftUIMemo.xcdatamodeld in Sources */ = {isa = PBXBuildFile; fileRef = 8A692077283214C6005832BD /* SwiftUIMemo.xcdatamodeld */; };
		8A69208C283214CC005832BD /* SwiftUIMemoApp.swift in Sources */ = {isa = PBXBuildFile; fileRef = 8A692079283214C6005832BD /* SwiftUIMemoApp.swift */; };
		8A69208D283214CC005832BD /* SwiftUIMemoApp.swift in Sources */ = {isa = PBXBuildFile; fileRef = 8A692079283214C6005832BD /* SwiftUIMemoApp.swift */; };
		8A692090283214CC005832BD /* Persistence.swift in Sources */ = {isa = PBXBuildFile; fileRef = 8A69207B283214C6005832BD /* Persistence.swift */; };
		8A692091283214CC005832BD /* Persistence.swift in Sources */ = {isa = PBXBuildFile; fileRef = 8A69207B283214C6005832BD /* Persistence.swift */; };
		8A692092283214CC005832BD /* Assets.xcassets in Resources */ = {isa = PBXBuildFile; fileRef = 8A69207C283214CC005832BD /* Assets.xcassets */; };
		8A692093283214CC005832BD /* Assets.xcassets in Resources */ = {isa = PBXBuildFile; fileRef = 8A69207C283214CC005832BD /* Assets.xcassets */; };
		8A69209D28321528005832BD /* MainListView.swift in Sources */ = {isa = PBXBuildFile; fileRef = 8A69209C28321528005832BD /* MainListView.swift */; };
		8A69209E28321528005832BD /* MainListView.swift in Sources */ = {isa = PBXBuildFile; fileRef = 8A69209C28321528005832BD /* MainListView.swift */; };
		8A6920A22832161C005832BD /* Memo.swift in Sources */ = {isa = PBXBuildFile; fileRef = 8A6920A12832161C005832BD /* Memo.swift */; };
		8A6920A32832161C005832BD /* Memo.swift in Sources */ = {isa = PBXBuildFile; fileRef = 8A6920A12832161C005832BD /* Memo.swift */; };
		8A6920A5283216F4005832BD /* MemoStore.swift in Sources */ = {isa = PBXBuildFile; fileRef = 8A6920A4283216F4005832BD /* MemoStore.swift */; };
		8A6920A6283216F4005832BD /* MemoStore.swift in Sources */ = {isa = PBXBuildFile; fileRef = 8A6920A4283216F4005832BD /* MemoStore.swift */; };
		8A6920A928321EB8005832BD /* MemoCell.swift in Sources */ = {isa = PBXBuildFile; fileRef = 8A6920A828321EB8005832BD /* MemoCell.swift */; };
		8A6920AA28321EB8005832BD /* MemoCell.swift in Sources */ = {isa = PBXBuildFile; fileRef = 8A6920A828321EB8005832BD /* MemoCell.swift */; };
		8A6920AC28321F64005832BD /* ComposeView.swift in Sources */ = {isa = PBXBuildFile; fileRef = 8A6920AB28321F64005832BD /* ComposeView.swift */; };
		8A6920AD28321F64005832BD /* ComposeView.swift in Sources */ = {isa = PBXBuildFile; fileRef = 8A6920AB28321F64005832BD /* ComposeView.swift */; };
		8A6920AF2832239F005832BD /* DetailView.swift in Sources */ = {isa = PBXBuildFile; fileRef = 8A6920AE2832239F005832BD /* DetailView.swift */; };
		8A6920B02832239F005832BD /* DetailView.swift in Sources */ = {isa = PBXBuildFile; fileRef = 8A6920AE2832239F005832BD /* DetailView.swift */; };
/* End PBXBuildFile section */

/* Begin PBXFileReference section */
		8A692078283214C6005832BD /* Shared.xcdatamodel */ = {isa = PBXFileReference; lastKnownFileType = wrapper.xcdatamodel; path = Shared.xcdatamodel; sourceTree = "<group>"; };
		8A692079283214C6005832BD /* SwiftUIMemoApp.swift */ = {isa = PBXFileReference; lastKnownFileType = sourcecode.swift; path = SwiftUIMemoApp.swift; sourceTree = "<group>"; };
		8A69207B283214C6005832BD /* Persistence.swift */ = {isa = PBXFileReference; lastKnownFileType = sourcecode.swift; path = Persistence.swift; sourceTree = "<group>"; };
		8A69207C283214CC005832BD /* Assets.xcassets */ = {isa = PBXFileReference; lastKnownFileType = folder.assetcatalog; path = Assets.xcassets; sourceTree = "<group>"; };
		8A692081283214CC005832BD /* SwiftUIMemo.app */ = {isa = PBXFileReference; explicitFileType = wrapper.application; includeInIndex = 0; path = SwiftUIMemo.app; sourceTree = BUILT_PRODUCTS_DIR; };
		8A692087283214CC005832BD /* SwiftUIMemo.app */ = {isa = PBXFileReference; explicitFileType = wrapper.application; includeInIndex = 0; path = SwiftUIMemo.app; sourceTree = BUILT_PRODUCTS_DIR; };
		8A692089283214CC005832BD /* macOS.entitlements */ = {isa = PBXFileReference; lastKnownFileType = text.plist.entitlements; path = macOS.entitlements; sourceTree = "<group>"; };
		8A69209C28321528005832BD /* MainListView.swift */ = {isa = PBXFileReference; lastKnownFileType = sourcecode.swift; path = MainListView.swift; sourceTree = "<group>"; };
		8A6920A12832161C005832BD /* Memo.swift */ = {isa = PBXFileReference; lastKnownFileType = sourcecode.swift; path = Memo.swift; sourceTree = "<group>"; };
		8A6920A4283216F4005832BD /* MemoStore.swift */ = {isa = PBXFileReference; lastKnownFileType = sourcecode.swift; path = MemoStore.swift; sourceTree = "<group>"; };
		8A6920A828321EB8005832BD /* MemoCell.swift */ = {isa = PBXFileReference; lastKnownFileType = sourcecode.swift; path = MemoCell.swift; sourceTree = "<group>"; };
		8A6920AB28321F64005832BD /* ComposeView.swift */ = {isa = PBXFileReference; lastKnownFileType = sourcecode.swift; path = ComposeView.swift; sourceTree = "<group>"; };
		8A6920AE2832239F005832BD /* DetailView.swift */ = {isa = PBXFileReference; lastKnownFileType = sourcecode.swift; path = DetailView.swift; sourceTree = "<group>"; };
/* End PBXFileReference section */

/* Begin PBXFrameworksBuildPhase section */
		8A69207E283214CC005832BD /* Frameworks */ = {
			isa = PBXFrameworksBuildPhase;
			buildActionMask = 2147483647;
			files = (
			);
			runOnlyForDeploymentPostprocessing = 0;
		};
		8A692084283214CC005832BD /* Frameworks */ = {
			isa = PBXFrameworksBuildPhase;
			buildActionMask = 2147483647;
			files = (
			);
			runOnlyForDeploymentPostprocessing = 0;
		};
/* End PBXFrameworksBuildPhase section */

/* Begin PBXGroup section */
		8A692071283214C6005832BD = {
			isa = PBXGroup;
			children = (
				8A692076283214C6005832BD /* Shared */,
				8A692088283214CC005832BD /* macOS */,
				8A692082283214CC005832BD /* Products */,
			);
			sourceTree = "<group>";
		};
		8A692076283214C6005832BD /* Shared */ = {
			isa = PBXGroup;
			children = (
				8A6920A728321EA7005832BD /* View */,
				8A6920A028321558005832BD /* Memory */,
				8A69209F28321552005832BD /* CoreData */,
				8A692079283214C6005832BD /* SwiftUIMemoApp.swift */,
				8A69207C283214CC005832BD /* Assets.xcassets */,
			);
			path = Shared;
			sourceTree = "<group>";
		};
		8A692082283214CC005832BD /* Products */ = {
			isa = PBXGroup;
			children = (
				8A692081283214CC005832BD /* SwiftUIMemo.app */,
				8A692087283214CC005832BD /* SwiftUIMemo.app */,
			);
			name = Products;
			sourceTree = "<group>";
		};
		8A692088283214CC005832BD /* macOS */ = {
			isa = PBXGroup;
			children = (
				8A692089283214CC005832BD /* macOS.entitlements */,
			);
			path = macOS;
			sourceTree = "<group>";
		};
		8A69209F28321552005832BD /* CoreData */ = {
			isa = PBXGroup;
			children = (
				8A69207B283214C6005832BD /* Persistence.swift */,
				8A692077283214C6005832BD /* SwiftUIMemo.xcdatamodeld */,
			);
			path = CoreData;
			sourceTree = "<group>";
		};
		8A6920A028321558005832BD /* Memory */ = {
			isa = PBXGroup;
			children = (
				8A6920A12832161C005832BD /* Memo.swift */,
				8A6920A4283216F4005832BD /* MemoStore.swift */,
			);
			path = Memory;
			sourceTree = "<group>";
		};
		8A6920A728321EA7005832BD /* View */ = {
			isa = PBXGroup;
			children = (
				8A69209C28321528005832BD /* MainListView.swift */,
				8A6920A828321EB8005832BD /* MemoCell.swift */,
				8A6920AB28321F64005832BD /* ComposeView.swift */,
				8A6920AE2832239F005832BD /* DetailView.swift */,
			);
			path = View;
			sourceTree = "<group>";
		};
/* End PBXGroup section */

/* Begin PBXNativeTarget section */
		8A692080283214CC005832BD /* SwiftUIMemo (iOS) */ = {
			isa = PBXNativeTarget;
			buildConfigurationList = 8A692096283214CC005832BD /* Build configuration list for PBXNativeTarget "SwiftUIMemo (iOS)" */;
			buildPhases = (
				8A69207D283214CC005832BD /* Sources */,
				8A69207E283214CC005832BD /* Frameworks */,
				8A69207F283214CC005832BD /* Resources */,
			);
			buildRules = (
			);
			dependencies = (
			);
			name = "SwiftUIMemo (iOS)";
			productName = "SwiftUIMemo (iOS)";
			productReference = 8A692081283214CC005832BD /* SwiftUIMemo.app */;
			productType = "com.apple.product-type.application";
		};
		8A692086283214CC005832BD /* SwiftUIMemo (macOS) */ = {
			isa = PBXNativeTarget;
			buildConfigurationList = 8A692099283214CC005832BD /* Build configuration list for PBXNativeTarget "SwiftUIMemo (macOS)" */;
			buildPhases = (
				8A692083283214CC005832BD /* Sources */,
				8A692084283214CC005832BD /* Frameworks */,
				8A692085283214CC005832BD /* Resources */,
			);
			buildRules = (
			);
			dependencies = (
			);
			name = "SwiftUIMemo (macOS)";
			productName = "SwiftUIMemo (macOS)";
			productReference = 8A692087283214CC005832BD /* SwiftUIMemo.app */;
			productType = "com.apple.product-type.application";
		};
/* End PBXNativeTarget section */

/* Begin PBXProject section */
		8A692072283214C6005832BD /* Project object */ = {
			isa = PBXProject;
			attributes = {
				BuildIndependentTargetsInParallel = 1;
				LastSwiftUpdateCheck = 1330;
				LastUpgradeCheck = 1330;
				TargetAttributes = {
					8A692080283214CC005832BD = {
						CreatedOnToolsVersion = 13.3.1;
					};
					8A692086283214CC005832BD = {
						CreatedOnToolsVersion = 13.3.1;
					};
				};
			};
			buildConfigurationList = 8A692075283214C6005832BD /* Build configuration list for PBXProject "SwiftUIMemo" */;
			compatibilityVersion = "Xcode 13.0";
			developmentRegion = en;
			hasScannedForEncodings = 0;
			knownRegions = (
				en,
				Base,
			);
			mainGroup = 8A692071283214C6005832BD;
			productRefGroup = 8A692082283214CC005832BD /* Products */;
			projectDirPath = "";
			projectRoot = "";
			targets = (
				8A692080283214CC005832BD /* SwiftUIMemo (iOS) */,
				8A692086283214CC005832BD /* SwiftUIMemo (macOS) */,
			);
		};
/* End PBXProject section */

/* Begin PBXResourcesBuildPhase section */
		8A69207F283214CC005832BD /* Resources */ = {
			isa = PBXResourcesBuildPhase;
			buildActionMask = 2147483647;
			files = (
				8A692092283214CC005832BD /* Assets.xcassets in Resources */,
			);
			runOnlyForDeploymentPostprocessing = 0;
		};
		8A692085283214CC005832BD /* Resources */ = {
			isa = PBXResourcesBuildPhase;
			buildActionMask = 2147483647;
			files = (
				8A692093283214CC005832BD /* Assets.xcassets in Resources */,
			);
			runOnlyForDeploymentPostprocessing = 0;
		};
/* End PBXResourcesBuildPhase section */

/* Begin PBXSourcesBuildPhase section */
		8A69207D283214CC005832BD /* Sources */ = {
			isa = PBXSourcesBuildPhase;
			buildActionMask = 2147483647;
			files = (
				8A6920A928321EB8005832BD /* MemoCell.swift in Sources */,
				8A6920AF2832239F005832BD /* DetailView.swift in Sources */,
				8A69208A283214CC005832BD /* SwiftUIMemo.xcdatamodeld in Sources */,
				8A6920A5283216F4005832BD /* MemoStore.swift in Sources */,
				8A69209D28321528005832BD /* MainListView.swift in Sources */,
				8A692090283214CC005832BD /* Persistence.swift in Sources */,
				8A6920AC28321F64005832BD /* ComposeView.swift in Sources */,
				8A69208C283214CC005832BD /* SwiftUIMemoApp.swift in Sources */,
				8A6920A22832161C005832BD /* Memo.swift in Sources */,
			);
			runOnlyForDeploymentPostprocessing = 0;
		};
		8A692083283214CC005832BD /* Sources */ = {
			isa = PBXSourcesBuildPhase;
			buildActionMask = 2147483647;
			files = (
				8A6920AA28321EB8005832BD /* MemoCell.swift in Sources */,
				8A6920B02832239F005832BD /* DetailView.swift in Sources */,
				8A69208B283214CC005832BD /* SwiftUIMemo.xcdatamodeld in Sources */,
				8A6920A6283216F4005832BD /* MemoStore.swift in Sources */,
				8A69209E28321528005832BD /* MainListView.swift in Sources */,
				8A692091283214CC005832BD /* Persistence.swift in Sources */,
				8A6920AD28321F64005832BD /* ComposeView.swift in Sources */,
				8A69208D283214CC005832BD /* SwiftUIMemoApp.swift in Sources */,
				8A6920A32832161C005832BD /* Memo.swift in Sources */,
			);
			runOnlyForDeploymentPostprocessing = 0;
		};
/* End PBXSourcesBuildPhase section */

/* Begin XCBuildConfiguration section */
		8A692094283214CC005832BD /* Debug */ = {
			isa = XCBuildConfiguration;
			buildSettings = {
				ALWAYS_SEARCH_USER_PATHS = NO;
				CLANG_ANALYZER_NONNULL = YES;
				CLANG_ANALYZER_NUMBER_OBJECT_CONVERSION = YES_AGGRESSIVE;
				CLANG_CXX_LANGUAGE_STANDARD = "gnu++17";
				CLANG_ENABLE_MODULES = YES;
				CLANG_ENABLE_OBJC_ARC = YES;
				CLANG_ENABLE_OBJC_WEAK = YES;
				CLANG_WARN_BLOCK_CAPTURE_AUTORELEASING = YES;
				CLANG_WARN_BOOL_CONVERSION = YES;
				CLANG_WARN_COMMA = YES;
				CLANG_WARN_CONSTANT_CONVERSION = YES;
				CLANG_WARN_DEPRECATED_OBJC_IMPLEMENTATIONS = YES;
				CLANG_WARN_DIRECT_OBJC_ISA_USAGE = YES_ERROR;
				CLANG_WARN_DOCUMENTATION_COMMENTS = YES;
				CLANG_WARN_EMPTY_BODY = YES;
				CLANG_WARN_ENUM_CONVERSION = YES;
				CLANG_WARN_INFINITE_RECURSION = YES;
				CLANG_WARN_INT_CONVERSION = YES;
				CLANG_WARN_NON_LITERAL_NULL_CONVERSION = YES;
				CLANG_WARN_OBJC_IMPLICIT_RETAIN_SELF = YES;
				CLANG_WARN_OBJC_LITERAL_CONVERSION = YES;
				CLANG_WARN_OBJC_ROOT_CLASS = YES_ERROR;
				CLANG_WARN_QUOTED_INCLUDE_IN_FRAMEWORK_HEADER = YES;
				CLANG_WARN_RANGE_LOOP_ANALYSIS = YES;
				CLANG_WARN_STRICT_PROTOTYPES = YES;
				CLANG_WARN_SUSPICIOUS_MOVE = YES;
				CLANG_WARN_UNGUARDED_AVAILABILITY = YES_AGGRESSIVE;
				CLANG_WARN_UNREACHABLE_CODE = YES;
				CLANG_WARN__DUPLICATE_METHOD_MATCH = YES;
				COPY_PHASE_STRIP = NO;
				DEBUG_INFORMATION_FORMAT = dwarf;
				ENABLE_STRICT_OBJC_MSGSEND = YES;
				ENABLE_TESTABILITY = YES;
				GCC_C_LANGUAGE_STANDARD = gnu11;
				GCC_DYNAMIC_NO_PIC = NO;
				GCC_NO_COMMON_BLOCKS = YES;
				GCC_OPTIMIZATION_LEVEL = 0;
				GCC_PREPROCESSOR_DEFINITIONS = (
					"DEBUG=1",
					"$(inherited)",
				);
				GCC_WARN_64_TO_32_BIT_CONVERSION = YES;
				GCC_WARN_ABOUT_RETURN_TYPE = YES_ERROR;
				GCC_WARN_UNDECLARED_SELECTOR = YES;
				GCC_WARN_UNINITIALIZED_AUTOS = YES_AGGRESSIVE;
				GCC_WARN_UNUSED_FUNCTION = YES;
				GCC_WARN_UNUSED_VARIABLE = YES;
				MTL_ENABLE_DEBUG_INFO = INCLUDE_SOURCE;
				MTL_FAST_MATH = YES;
				ONLY_ACTIVE_ARCH = YES;
				SWIFT_ACTIVE_COMPILATION_CONDITIONS = DEBUG;
				SWIFT_OPTIMIZATION_LEVEL = "-Onone";
			};
			name = Debug;
		};
		8A692095283214CC005832BD /* Release */ = {
			isa = XCBuildConfiguration;
			buildSettings = {
				ALWAYS_SEARCH_USER_PATHS = NO;
				CLANG_ANALYZER_NONNULL = YES;
				CLANG_ANALYZER_NUMBER_OBJECT_CONVERSION = YES_AGGRESSIVE;
				CLANG_CXX_LANGUAGE_STANDARD = "gnu++17";
				CLANG_ENABLE_MODULES = YES;
				CLANG_ENABLE_OBJC_ARC = YES;
				CLANG_ENABLE_OBJC_WEAK = YES;
				CLANG_WARN_BLOCK_CAPTURE_AUTORELEASING = YES;
				CLANG_WARN_BOOL_CONVERSION = YES;
				CLANG_WARN_COMMA = YES;
				CLANG_WARN_CONSTANT_CONVERSION = YES;
				CLANG_WARN_DEPRECATED_OBJC_IMPLEMENTATIONS = YES;
				CLANG_WARN_DIRECT_OBJC_ISA_USAGE = YES_ERROR;
				CLANG_WARN_DOCUMENTATION_COMMENTS = YES;
				CLANG_WARN_EMPTY_BODY = YES;
				CLANG_WARN_ENUM_CONVERSION = YES;
				CLANG_WARN_INFINITE_RECURSION = YES;
				CLANG_WARN_INT_CONVERSION = YES;
				CLANG_WARN_NON_LITERAL_NULL_CONVERSION = YES;
				CLANG_WARN_OBJC_IMPLICIT_RETAIN_SELF = YES;
				CLANG_WARN_OBJC_LITERAL_CONVERSION = YES;
				CLANG_WARN_OBJC_ROOT_CLASS = YES_ERROR;
				CLANG_WARN_QUOTED_INCLUDE_IN_FRAMEWORK_HEADER = YES;
				CLANG_WARN_RANGE_LOOP_ANALYSIS = YES;
				CLANG_WARN_STRICT_PROTOTYPES = YES;
				CLANG_WARN_SUSPICIOUS_MOVE = YES;
				CLANG_WARN_UNGUARDED_AVAILABILITY = YES_AGGRESSIVE;
				CLANG_WARN_UNREACHABLE_CODE = YES;
				CLANG_WARN__DUPLICATE_METHOD_MATCH = YES;
				COPY_PHASE_STRIP = NO;
				DEBUG_INFORMATION_FORMAT = "dwarf-with-dsym";
				ENABLE_NS_ASSERTIONS = NO;
				ENABLE_STRICT_OBJC_MSGSEND = YES;
				GCC_C_LANGUAGE_STANDARD = gnu11;
				GCC_NO_COMMON_BLOCKS = YES;
				GCC_WARN_64_TO_32_BIT_CONVERSION = YES;
				GCC_WARN_ABOUT_RETURN_TYPE = YES_ERROR;
				GCC_WARN_UNDECLARED_SELECTOR = YES;
				GCC_WARN_UNINITIALIZED_AUTOS = YES_AGGRESSIVE;
				GCC_WARN_UNUSED_FUNCTION = YES;
				GCC_WARN_UNUSED_VARIABLE = YES;
				MTL_ENABLE_DEBUG_INFO = NO;
				MTL_FAST_MATH = YES;
				SWIFT_COMPILATION_MODE = wholemodule;
				SWIFT_OPTIMIZATION_LEVEL = "-O";
			};
			name = Release;
		};
		8A692097283214CC005832BD /* Debug */ = {
			isa = XCBuildConfiguration;
			buildSettings = {
				ASSETCATALOG_COMPILER_APPICON_NAME = AppIcon;
				ASSETCATALOG_COMPILER_GLOBAL_ACCENT_COLOR_NAME = AccentColor;
				CODE_SIGN_STYLE = Automatic;
				CURRENT_PROJECT_VERSION = 1;
				ENABLE_PREVIEWS = YES;
				GENERATE_INFOPLIST_FILE = YES;
				INFOPLIST_KEY_UIApplicationSceneManifest_Generation = YES;
				INFOPLIST_KEY_UIApplicationSupportsIndirectInputEvents = YES;
				INFOPLIST_KEY_UILaunchScreen_Generation = YES;
				INFOPLIST_KEY_UISupportedInterfaceOrientations_iPad = "UIInterfaceOrientationPortrait UIInterfaceOrientationPortraitUpsideDown UIInterfaceOrientationLandscapeLeft UIInterfaceOrientationLandscapeRight";
				INFOPLIST_KEY_UISupportedInterfaceOrientations_iPhone = "UIInterfaceOrientationPortrait UIInterfaceOrientationLandscapeLeft UIInterfaceOrientationLandscapeRight";
				IPHONEOS_DEPLOYMENT_TARGET = 15.4;
				LD_RUNPATH_SEARCH_PATHS = (
					"$(inherited)",
					"@executable_path/Frameworks",
				);
				MARKETING_VERSION = 1.0;
				PRODUCT_BUNDLE_IDENTIFIER = Lee.SwiftUIMemo;
				PRODUCT_NAME = SwiftUIMemo;
				SDKROOT = iphoneos;
				SWIFT_EMIT_LOC_STRINGS = YES;
				SWIFT_VERSION = 5.0;
				TARGETED_DEVICE_FAMILY = "1,2";
			};
			name = Debug;
		};
		8A692098283214CC005832BD /* Release */ = {
			isa = XCBuildConfiguration;
			buildSettings = {
				ASSETCATALOG_COMPILER_APPICON_NAME = AppIcon;
				ASSETCATALOG_COMPILER_GLOBAL_ACCENT_COLOR_NAME = AccentColor;
				CODE_SIGN_STYLE = Automatic;
				CURRENT_PROJECT_VERSION = 1;
				ENABLE_PREVIEWS = YES;
				GENERATE_INFOPLIST_FILE = YES;
				INFOPLIST_KEY_UIApplicationSceneManifest_Generation = YES;
				INFOPLIST_KEY_UIApplicationSupportsIndirectInputEvents = YES;
				INFOPLIST_KEY_UILaunchScreen_Generation = YES;
				INFOPLIST_KEY_UISupportedInterfaceOrientations_iPad = "UIInterfaceOrientationPortrait UIInterfaceOrientationPortraitUpsideDown UIInterfaceOrientationLandscapeLeft UIInterfaceOrientationLandscapeRight";
				INFOPLIST_KEY_UISupportedInterfaceOrientations_iPhone = "UIInterfaceOrientationPortrait UIInterfaceOrientationLandscapeLeft UIInterfaceOrientationLandscapeRight";
				IPHONEOS_DEPLOYMENT_TARGET = 15.4;
				LD_RUNPATH_SEARCH_PATHS = (
					"$(inherited)",
					"@executable_path/Frameworks",
				);
				MARKETING_VERSION = 1.0;
				PRODUCT_BUNDLE_IDENTIFIER = Lee.SwiftUIMemo;
				PRODUCT_NAME = SwiftUIMemo;
				SDKROOT = iphoneos;
				SWIFT_EMIT_LOC_STRINGS = YES;
				SWIFT_VERSION = 5.0;
				TARGETED_DEVICE_FAMILY = "1,2";
				VALIDATE_PRODUCT = YES;
			};
			name = Release;
		};
		8A69209A283214CC005832BD /* Debug */ = {
			isa = XCBuildConfiguration;
			buildSettings = {
				ASSETCATALOG_COMPILER_APPICON_NAME = AppIcon;
				ASSETCATALOG_COMPILER_GLOBAL_ACCENT_COLOR_NAME = AccentColor;
				CODE_SIGN_ENTITLEMENTS = macOS/macOS.entitlements;
				CODE_SIGN_STYLE = Automatic;
				COMBINE_HIDPI_IMAGES = YES;
				CURRENT_PROJECT_VERSION = 1;
				ENABLE_PREVIEWS = YES;
				GENERATE_INFOPLIST_FILE = YES;
				INFOPLIST_KEY_NSHumanReadableCopyright = "";
				LD_RUNPATH_SEARCH_PATHS = (
					"$(inherited)",
					"@executable_path/../Frameworks",
				);
				MACOSX_DEPLOYMENT_TARGET = 12.3;
				MARKETING_VERSION = 1.0;
				PRODUCT_BUNDLE_IDENTIFIER = Lee.SwiftUIMemo;
				PRODUCT_NAME = SwiftUIMemo;
				SDKROOT = macosx;
				SWIFT_EMIT_LOC_STRINGS = YES;
				SWIFT_VERSION = 5.0;
			};
			name = Debug;
		};
		8A69209B283214CC005832BD /* Release */ = {
			isa = XCBuildConfiguration;
			buildSettings = {
				ASSETCATALOG_COMPILER_APPICON_NAME = AppIcon;
				ASSETCATALOG_COMPILER_GLOBAL_ACCENT_COLOR_NAME = AccentColor;
				CODE_SIGN_ENTITLEMENTS = macOS/macOS.entitlements;
				CODE_SIGN_STYLE = Automatic;
				COMBINE_HIDPI_IMAGES = YES;
				CURRENT_PROJECT_VERSION = 1;
				ENABLE_PREVIEWS = YES;
				GENERATE_INFOPLIST_FILE = YES;
				INFOPLIST_KEY_NSHumanReadableCopyright = "";
				LD_RUNPATH_SEARCH_PATHS = (
					"$(inherited)",
					"@executable_path/../Frameworks",
				);
				MACOSX_DEPLOYMENT_TARGET = 12.3;
				MARKETING_VERSION = 1.0;
				PRODUCT_BUNDLE_IDENTIFIER = Lee.SwiftUIMemo;
				PRODUCT_NAME = SwiftUIMemo;
				SDKROOT = macosx;
				SWIFT_EMIT_LOC_STRINGS = YES;
				SWIFT_VERSION = 5.0;
			};
			name = Release;
		};
/* End XCBuildConfiguration section */

/* Begin XCConfigurationList section */
		8A692075283214C6005832BD /* Build configuration list for PBXProject "SwiftUIMemo" */ = {
			isa = XCConfigurationList;
			buildConfigurations = (
				8A692094283214CC005832BD /* Debug */,
				8A692095283214CC005832BD /* Release */,
			);
			defaultConfigurationIsVisible = 0;
			defaultConfigurationName = Release;
		};
		8A692096283214CC005832BD /* Build configuration list for PBXNativeTarget "SwiftUIMemo (iOS)" */ = {
			isa = XCConfigurationList;
			buildConfigurations = (
				8A692097283214CC005832BD /* Debug */,
				8A692098283214CC005832BD /* Release */,
			);
			defaultConfigurationIsVisible = 0;
			defaultConfigurationName = Release;
		};
		8A692099283214CC005832BD /* Build configuration list for PBXNativeTarget "SwiftUIMemo (macOS)" */ = {
			isa = XCConfigurationList;
			buildConfigurations = (
				8A69209A283214CC005832BD /* Debug */,
				8A69209B283214CC005832BD /* Release */,
			);
			defaultConfigurationIsVisible = 0;
			defaultConfigurationName = Release;
		};
/* End XCConfigurationList section */

/* Begin XCVersionGroup section */
		8A692077283214C6005832BD /* SwiftUIMemo.xcdatamodeld */ = {
			isa = XCVersionGroup;
			children = (
				8A692078283214C6005832BD /* Shared.xcdatamodel */,
			);
			currentVersion = 8A692078283214C6005832BD /* Shared.xcdatamodel */;
			path = SwiftUIMemo.xcdatamodeld;
			sourceTree = "<group>";
			versionGroupType = wrapper.xcdatamodel;
		};
/* End XCVersionGroup section */
	};
	rootObject = 8A692072283214C6005832BD /* Project object */;
}
